{
  "requires": true,
  "lockfileVersion": 1,
  "dependencies": {
    "@sweetalert2/themes": {
      "version": "4.0.1",
      "resolved": "https://registry.npmjs.org/@sweetalert2/themes/-/themes-4.0.1.tgz",
      "integrity": "sha512-dE+SXd0ym2RUkDQT/rVyBIwe6QIKl1cfBF3133XdLeXVKUR+XEtkr1uVBK821uX5DRQfN9doJmVCd2jFdG/qXw=="
    },
    "sweetalert2": {
      "version": "10.13.0",
      "resolved": "https://registry.npmjs.org/sweetalert2/-/sweetalert2-10.13.0.tgz",
      "integrity": "sha512-kF6Pnr7s7GDqVYRqqgyfxvG5vlUqfP+j+JF7oZ7DOs0/35jg6sTu8hyi6oD6Rb3fIKWIf1S9mCU7wR8iKa7dAA=="
    }
  }
}
